// !$*UTF8*$!
{
	archiveVersion = 1;
	classes = {
	};
	objectVersion = 50;
	objects = {

/* Begin PBXBuildFile section */
		8C63E1BD25167ADB001C5841 /* homeClientApp.swift in Sources */ = {isa = PBXBuildFile; fileRef = 8C63E1BC25167ADB001C5841 /* homeClientApp.swift */; };
		8C63E1BF25167ADB001C5841 /* ContentView.swift in Sources */ = {isa = PBXBuildFile; fileRef = 8C63E1BE25167ADB001C5841 /* ContentView.swift */; };
		8C63E1C125167ADD001C5841 /* Assets.xcassets in Resources */ = {isa = PBXBuildFile; fileRef = 8C63E1C025167ADD001C5841 /* Assets.xcassets */; };
		8C63E1C425167ADD001C5841 /* Preview Assets.xcassets in Resources */ = {isa = PBXBuildFile; fileRef = 8C63E1C325167ADD001C5841 /* Preview Assets.xcassets */; };
		8C63E1C925167ADD001C5841 /* homeClient WatchKit App.app in Embed Watch Content */ = {isa = PBXBuildFile; fileRef = 8C63E1C825167ADD001C5841 /* homeClient WatchKit App.app */; settings = {ATTRIBUTES = (RemoveHeadersOnCopy, ); }; };
		8C63E1CE25167ADE001C5841 /* Assets.xcassets in Resources */ = {isa = PBXBuildFile; fileRef = 8C63E1CD25167ADE001C5841 /* Assets.xcassets */; };
		8C63E1D525167ADE001C5841 /* homeClient WatchKit Extension.appex in Embed App Extensions */ = {isa = PBXBuildFile; fileRef = 8C63E1D425167ADE001C5841 /* homeClient WatchKit Extension.appex */; settings = {ATTRIBUTES = (RemoveHeadersOnCopy, ); }; };
		8C63E1DA25167ADE001C5841 /* homeClientApp.swift in Sources */ = {isa = PBXBuildFile; fileRef = 8C63E1D925167ADE001C5841 /* homeClientApp.swift */; };
		8C63E1DC25167ADE001C5841 /* ContentView.swift in Sources */ = {isa = PBXBuildFile; fileRef = 8C63E1DB25167ADE001C5841 /* ContentView.swift */; };
		8C63E1DE25167ADE001C5841 /* NotificationController.swift in Sources */ = {isa = PBXBuildFile; fileRef = 8C63E1DD25167ADE001C5841 /* NotificationController.swift */; };
		8C63E1E025167ADE001C5841 /* NotificationView.swift in Sources */ = {isa = PBXBuildFile; fileRef = 8C63E1DF25167ADE001C5841 /* NotificationView.swift */; };
		8C63E1E225167ADE001C5841 /* ComplicationController.swift in Sources */ = {isa = PBXBuildFile; fileRef = 8C63E1E125167ADE001C5841 /* ComplicationController.swift */; };
		8C63E1E425167ADF001C5841 /* Assets.xcassets in Resources */ = {isa = PBXBuildFile; fileRef = 8C63E1E325167ADF001C5841 /* Assets.xcassets */; };
		8C63E1E725167ADF001C5841 /* Preview Assets.xcassets in Resources */ = {isa = PBXBuildFile; fileRef = 8C63E1E625167ADF001C5841 /* Preview Assets.xcassets */; };
		8C63E21725167DE8001C5841 /* Data.swift in Sources */ = {isa = PBXBuildFile; fileRef = 8C63E21625167DE8001C5841 /* Data.swift */; };
		8C63E21825167DE8001C5841 /* Data.swift in Sources */ = {isa = PBXBuildFile; fileRef = 8C63E21625167DE8001C5841 /* Data.swift */; };
		8C63E21D25167E16001C5841 /* UserData.swift in Sources */ = {isa = PBXBuildFile; fileRef = 8C63E21C25167E16001C5841 /* UserData.swift */; };
		8C63E21E25167E16001C5841 /* UserData.swift in Sources */ = {isa = PBXBuildFile; fileRef = 8C63E21C25167E16001C5841 /* UserData.swift */; };
		8C63E22325167E38001C5841 /* NetworkStructs.swift in Sources */ = {isa = PBXBuildFile; fileRef = 8C63E22225167E37001C5841 /* NetworkStructs.swift */; };
		8C63E22425167E38001C5841 /* NetworkStructs.swift in Sources */ = {isa = PBXBuildFile; fileRef = 8C63E22225167E37001C5841 /* NetworkStructs.swift */; };
		8C63E22925167E52001C5841 /* Network.swift in Sources */ = {isa = PBXBuildFile; fileRef = 8C63E22825167E52001C5841 /* Network.swift */; };
		8C63E22A25167E52001C5841 /* Network.swift in Sources */ = {isa = PBXBuildFile; fileRef = 8C63E22825167E52001C5841 /* Network.swift */; };
		8C63E22F25167E69001C5841 /* SignIn.swift in Sources */ = {isa = PBXBuildFile; fileRef = 8C63E22E25167E69001C5841 /* SignIn.swift */; };
		8C63E23025167E69001C5841 /* SignIn.swift in Sources */ = {isa = PBXBuildFile; fileRef = 8C63E22E25167E69001C5841 /* SignIn.swift */; };
		8C63E23525167EC1001C5841 /* signInFirst.html in Resources */ = {isa = PBXBuildFile; fileRef = 8C63E23425167EC1001C5841 /* signInFirst.html */; };
		8C63E23A25169EFA001C5841 /* SettingsView.swift in Sources */ = {isa = PBXBuildFile; fileRef = 8C63E23925169EFA001C5841 /* SettingsView.swift */; };
		8C63E2422516A1E0001C5841 /* WebViewObserver.swift in Sources */ = {isa = PBXBuildFile; fileRef = 8C63E2412516A1E0001C5841 /* WebViewObserver.swift */; };
		8C63E24F25174918001C5841 /* SettingsViewWatch.swift in Sources */ = {isa = PBXBuildFile; fileRef = 8C63E24E25174918001C5841 /* SettingsViewWatch.swift */; };
		8C63E25825174ECA001C5841 /* CircularView.swift in Sources */ = {isa = PBXBuildFile; fileRef = 8C63E25725174ECA001C5841 /* CircularView.swift */; };
		8C63E263251754A3001C5841 /* Utils.swift in Sources */ = {isa = PBXBuildFile; fileRef = 8C63E262251754A3001C5841 /* Utils.swift */; };
		8C63E26A25176F1F001C5841 /* Content.swift in Sources */ = {isa = PBXBuildFile; fileRef = 8C63E249251747D9001C5841 /* Content.swift */; };
		8C63E27125176FCE001C5841 /* Content.swift in Sources */ = {isa = PBXBuildFile; fileRef = 8C63E249251747D9001C5841 /* Content.swift */; };
/* End PBXBuildFile section */

/* Begin PBXContainerItemProxy section */
		8C63E1CA25167ADD001C5841 /* PBXContainerItemProxy */ = {
			isa = PBXContainerItemProxy;
			containerPortal = 8C63E1B125167ADB001C5841 /* Project object */;
			proxyType = 1;
			remoteGlobalIDString = 8C63E1C725167ADD001C5841;
			remoteInfo = "homeClient WatchKit App";
		};
		8C63E1D625167ADE001C5841 /* PBXContainerItemProxy */ = {
			isa = PBXContainerItemProxy;
			containerPortal = 8C63E1B125167ADB001C5841 /* Project object */;
			proxyType = 1;
			remoteGlobalIDString = 8C63E1D325167ADE001C5841;
			remoteInfo = "homeClient WatchKit Extension";
		};
/* End PBXContainerItemProxy section */

/* Begin PBXCopyFilesBuildPhase section */
		8C63E1EF25167ADF001C5841 /* Embed App Extensions */ = {
			isa = PBXCopyFilesBuildPhase;
			buildActionMask = 2147483647;
			dstPath = "";
			dstSubfolderSpec = 13;
			files = (
				8C63E1D525167ADE001C5841 /* homeClient WatchKit Extension.appex in Embed App Extensions */,
			);
			name = "Embed App Extensions";
			runOnlyForDeploymentPostprocessing = 0;
		};
		8C63E1F325167ADF001C5841 /* Embed Watch Content */ = {
			isa = PBXCopyFilesBuildPhase;
			buildActionMask = 2147483647;
			dstPath = "$(CONTENTS_FOLDER_PATH)/Watch";
			dstSubfolderSpec = 16;
			files = (
				8C63E1C925167ADD001C5841 /* homeClient WatchKit App.app in Embed Watch Content */,
			);
			name = "Embed Watch Content";
			runOnlyForDeploymentPostprocessing = 0;
		};
/* End PBXCopyFilesBuildPhase section */

/* Begin PBXFileReference section */
		8C63E1B925167ADB001C5841 /* homeClient.app */ = {isa = PBXFileReference; explicitFileType = wrapper.application; includeInIndex = 0; path = homeClient.app; sourceTree = BUILT_PRODUCTS_DIR; };
		8C63E1BC25167ADB001C5841 /* homeClientApp.swift */ = {isa = PBXFileReference; lastKnownFileType = sourcecode.swift; path = homeClientApp.swift; sourceTree = "<group>"; };
		8C63E1BE25167ADB001C5841 /* ContentView.swift */ = {isa = PBXFileReference; lastKnownFileType = sourcecode.swift; path = ContentView.swift; sourceTree = "<group>"; };
		8C63E1C025167ADD001C5841 /* Assets.xcassets */ = {isa = PBXFileReference; lastKnownFileType = folder.assetcatalog; path = Assets.xcassets; sourceTree = "<group>"; };
		8C63E1C325167ADD001C5841 /* Preview Assets.xcassets */ = {isa = PBXFileReference; lastKnownFileType = folder.assetcatalog; path = "Preview Assets.xcassets"; sourceTree = "<group>"; };
		8C63E1C525167ADD001C5841 /* Info.plist */ = {isa = PBXFileReference; lastKnownFileType = text.plist.xml; path = Info.plist; sourceTree = "<group>"; };
		8C63E1C825167ADD001C5841 /* homeClient WatchKit App.app */ = {isa = PBXFileReference; explicitFileType = wrapper.application; includeInIndex = 0; path = "homeClient WatchKit App.app"; sourceTree = BUILT_PRODUCTS_DIR; };
		8C63E1CD25167ADE001C5841 /* Assets.xcassets */ = {isa = PBXFileReference; lastKnownFileType = folder.assetcatalog; path = Assets.xcassets; sourceTree = "<group>"; };
		8C63E1CF25167ADE001C5841 /* Info.plist */ = {isa = PBXFileReference; lastKnownFileType = text.plist.xml; path = Info.plist; sourceTree = "<group>"; };
		8C63E1D425167ADE001C5841 /* homeClient WatchKit Extension.appex */ = {isa = PBXFileReference; explicitFileType = "wrapper.app-extension"; includeInIndex = 0; path = "homeClient WatchKit Extension.appex"; sourceTree = BUILT_PRODUCTS_DIR; };
		8C63E1D925167ADE001C5841 /* homeClientApp.swift */ = {isa = PBXFileReference; lastKnownFileType = sourcecode.swift; path = homeClientApp.swift; sourceTree = "<group>"; };
		8C63E1DB25167ADE001C5841 /* ContentView.swift */ = {isa = PBXFileReference; lastKnownFileType = sourcecode.swift; path = ContentView.swift; sourceTree = "<group>"; };
		8C63E1DD25167ADE001C5841 /* NotificationController.swift */ = {isa = PBXFileReference; lastKnownFileType = sourcecode.swift; path = NotificationController.swift; sourceTree = "<group>"; };
		8C63E1DF25167ADE001C5841 /* NotificationView.swift */ = {isa = PBXFileReference; lastKnownFileType = sourcecode.swift; path = NotificationView.swift; sourceTree = "<group>"; };
		8C63E1E125167ADE001C5841 /* ComplicationController.swift */ = {isa = PBXFileReference; lastKnownFileType = sourcecode.swift; path = ComplicationController.swift; sourceTree = "<group>"; };
		8C63E1E325167ADF001C5841 /* Assets.xcassets */ = {isa = PBXFileReference; lastKnownFileType = folder.assetcatalog; path = Assets.xcassets; sourceTree = "<group>"; };
		8C63E1E625167ADF001C5841 /* Preview Assets.xcassets */ = {isa = PBXFileReference; lastKnownFileType = folder.assetcatalog; path = "Preview Assets.xcassets"; sourceTree = "<group>"; };
		8C63E1E825167ADF001C5841 /* Info.plist */ = {isa = PBXFileReference; lastKnownFileType = text.plist.xml; path = Info.plist; sourceTree = "<group>"; };
		8C63E1E925167ADF001C5841 /* PushNotificationPayload.apns */ = {isa = PBXFileReference; lastKnownFileType = text; path = PushNotificationPayload.apns; sourceTree = "<group>"; };
		8C63E21625167DE8001C5841 /* Data.swift */ = {isa = PBXFileReference; lastKnownFileType = sourcecode.swift; path = Data.swift; sourceTree = "<group>"; };
		8C63E21C25167E16001C5841 /* UserData.swift */ = {isa = PBXFileReference; lastKnownFileType = sourcecode.swift; path = UserData.swift; sourceTree = "<group>"; };
		8C63E22225167E37001C5841 /* NetworkStructs.swift */ = {isa = PBXFileReference; lastKnownFileType = sourcecode.swift; path = NetworkStructs.swift; sourceTree = "<group>"; };
		8C63E22825167E52001C5841 /* Network.swift */ = {isa = PBXFileReference; lastKnownFileType = sourcecode.swift; path = Network.swift; sourceTree = "<group>"; };
		8C63E22E25167E69001C5841 /* SignIn.swift */ = {isa = PBXFileReference; lastKnownFileType = sourcecode.swift; path = SignIn.swift; sourceTree = "<group>"; };
		8C63E23425167EC1001C5841 /* signInFirst.html */ = {isa = PBXFileReference; lastKnownFileType = text.html; path = signInFirst.html; sourceTree = "<group>"; };
		8C63E23925169EFA001C5841 /* SettingsView.swift */ = {isa = PBXFileReference; lastKnownFileType = sourcecode.swift; path = SettingsView.swift; sourceTree = "<group>"; };
		8C63E2412516A1E0001C5841 /* WebViewObserver.swift */ = {isa = PBXFileReference; lastKnownFileType = sourcecode.swift; path = WebViewObserver.swift; sourceTree = "<group>"; };
		8C63E249251747D9001C5841 /* Content.swift */ = {isa = PBXFileReference; lastKnownFileType = sourcecode.swift; path = Content.swift; sourceTree = "<group>"; };
		8C63E24E25174918001C5841 /* SettingsViewWatch.swift */ = {isa = PBXFileReference; lastKnownFileType = sourcecode.swift; path = SettingsViewWatch.swift; sourceTree = "<group>"; };
		8C63E25725174ECA001C5841 /* CircularView.swift */ = {isa = PBXFileReference; lastKnownFileType = sourcecode.swift; path = CircularView.swift; sourceTree = "<group>"; };
		8C63E262251754A3001C5841 /* Utils.swift */ = {isa = PBXFileReference; lastKnownFileType = sourcecode.swift; path = Utils.swift; sourceTree = "<group>"; };
/* End PBXFileReference section */

/* Begin PBXFrameworksBuildPhase section */
		8C63E1B625167ADB001C5841 /* Frameworks */ = {
			isa = PBXFrameworksBuildPhase;
			buildActionMask = 2147483647;
			files = (
			);
			runOnlyForDeploymentPostprocessing = 0;
		};
		8C63E1D125167ADE001C5841 /* Frameworks */ = {
			isa = PBXFrameworksBuildPhase;
			buildActionMask = 2147483647;
			files = (
			);
			runOnlyForDeploymentPostprocessing = 0;
		};
/* End PBXFrameworksBuildPhase section */

/* Begin PBXGroup section */
		8C63E1B025167ADB001C5841 = {
			isa = PBXGroup;
			children = (
				8C63E1FD25167C4A001C5841 /* shared */,
				8C63E1BB25167ADB001C5841 /* homeClient */,
				8C63E1CC25167ADD001C5841 /* homeClient WatchKit App */,
				8C63E1D825167ADE001C5841 /* homeClient WatchKit Extension */,
				8C63E1BA25167ADB001C5841 /* Products */,
			);
			sourceTree = "<group>";
		};
		8C63E1BA25167ADB001C5841 /* Products */ = {
			isa = PBXGroup;
			children = (
				8C63E1B925167ADB001C5841 /* homeClient.app */,
				8C63E1C825167ADD001C5841 /* homeClient WatchKit App.app */,
				8C63E1D425167ADE001C5841 /* homeClient WatchKit Extension.appex */,
			);
			name = Products;
			sourceTree = "<group>";
		};
		8C63E1BB25167ADB001C5841 /* homeClient */ = {
			isa = PBXGroup;
			children = (
				8C63E1BC25167ADB001C5841 /* homeClientApp.swift */,
				8C63E1BE25167ADB001C5841 /* ContentView.swift */,
				8C63E1C025167ADD001C5841 /* Assets.xcassets */,
				8C63E1C525167ADD001C5841 /* Info.plist */,
				8C63E1C225167ADD001C5841 /* Preview Content */,
				8C63E23425167EC1001C5841 /* signInFirst.html */,
				8C63E23925169EFA001C5841 /* SettingsView.swift */,
				8C63E2412516A1E0001C5841 /* WebViewObserver.swift */,
			);
			path = homeClient;
			sourceTree = "<group>";
		};
		8C63E1C225167ADD001C5841 /* Preview Content */ = {
			isa = PBXGroup;
			children = (
				8C63E1C325167ADD001C5841 /* Preview Assets.xcassets */,
			);
			path = "Preview Content";
			sourceTree = "<group>";
		};
		8C63E1CC25167ADD001C5841 /* homeClient WatchKit App */ = {
			isa = PBXGroup;
			children = (
				8C63E1CD25167ADE001C5841 /* Assets.xcassets */,
				8C63E1CF25167ADE001C5841 /* Info.plist */,
			);
			path = "homeClient WatchKit App";
			sourceTree = "<group>";
		};
		8C63E1D825167ADE001C5841 /* homeClient WatchKit Extension */ = {
			isa = PBXGroup;
			children = (
				8C63E25625174EA6001C5841 /* ComplicationViews */,
				8C63E1D925167ADE001C5841 /* homeClientApp.swift */,
				8C63E1DB25167ADE001C5841 /* ContentView.swift */,
				8C63E1DD25167ADE001C5841 /* NotificationController.swift */,
				8C63E1DF25167ADE001C5841 /* NotificationView.swift */,
				8C63E1E125167ADE001C5841 /* ComplicationController.swift */,
				8C63E1E325167ADF001C5841 /* Assets.xcassets */,
				8C63E1E825167ADF001C5841 /* Info.plist */,
				8C63E1E925167ADF001C5841 /* PushNotificationPayload.apns */,
				8C63E1E525167ADF001C5841 /* Preview Content */,
				8C63E24E25174918001C5841 /* SettingsViewWatch.swift */,
				8C63E262251754A3001C5841 /* Utils.swift */,
			);
			path = "homeClient WatchKit Extension";
			sourceTree = "<group>";
		};
		8C63E1E525167ADF001C5841 /* Preview Content */ = {
			isa = PBXGroup;
			children = (
				8C63E1E625167ADF001C5841 /* Preview Assets.xcassets */,
			);
			path = "Preview Content";
			sourceTree = "<group>";
		};
		8C63E1FD25167C4A001C5841 /* shared */ = {
			isa = PBXGroup;
			children = (
				8C63E249251747D9001C5841 /* Content.swift */,
				8C63E21625167DE8001C5841 /* Data.swift */,
				8C63E21C25167E16001C5841 /* UserData.swift */,
				8C63E22225167E37001C5841 /* NetworkStructs.swift */,
				8C63E22825167E52001C5841 /* Network.swift */,
				8C63E22E25167E69001C5841 /* SignIn.swift */,
			);
			path = shared;
			sourceTree = "<group>";
		};
		8C63E25625174EA6001C5841 /* ComplicationViews */ = {
			isa = PBXGroup;
			children = (
				8C63E25725174ECA001C5841 /* CircularView.swift */,
			);
			path = ComplicationViews;
			sourceTree = "<group>";
		};
/* End PBXGroup section */

/* Begin PBXNativeTarget section */
		8C63E1B825167ADB001C5841 /* homeClient */ = {
			isa = PBXNativeTarget;
			buildConfigurationList = 8C63E1F425167ADF001C5841 /* Build configuration list for PBXNativeTarget "homeClient" */;
			buildPhases = (
				8C63E1B525167ADB001C5841 /* Sources */,
				8C63E1B625167ADB001C5841 /* Frameworks */,
				8C63E1B725167ADB001C5841 /* Resources */,
				8C63E1F325167ADF001C5841 /* Embed Watch Content */,
			);
			buildRules = (
			);
			dependencies = (
				8C63E1CB25167ADD001C5841 /* PBXTargetDependency */,
			);
			name = homeClient;
			productName = homeClient;
			productReference = 8C63E1B925167ADB001C5841 /* homeClient.app */;
			productType = "com.apple.product-type.application";
		};
		8C63E1C725167ADD001C5841 /* homeClient WatchKit App */ = {
			isa = PBXNativeTarget;
			buildConfigurationList = 8C63E1F025167ADF001C5841 /* Build configuration list for PBXNativeTarget "homeClient WatchKit App" */;
			buildPhases = (
				8C63E1C625167ADD001C5841 /* Resources */,
				8C63E1EF25167ADF001C5841 /* Embed App Extensions */,
			);
			buildRules = (
			);
			dependencies = (
				8C63E1D725167ADE001C5841 /* PBXTargetDependency */,
			);
			name = "homeClient WatchKit App";
			productName = "homeClient WatchKit App";
			productReference = 8C63E1C825167ADD001C5841 /* homeClient WatchKit App.app */;
			productType = "com.apple.product-type.application.watchapp2";
		};
		8C63E1D325167ADE001C5841 /* homeClient WatchKit Extension */ = {
			isa = PBXNativeTarget;
			buildConfigurationList = 8C63E1EC25167ADF001C5841 /* Build configuration list for PBXNativeTarget "homeClient WatchKit Extension" */;
			buildPhases = (
				8C63E1D025167ADE001C5841 /* Sources */,
				8C63E1D125167ADE001C5841 /* Frameworks */,
				8C63E1D225167ADE001C5841 /* Resources */,
			);
			buildRules = (
			);
			dependencies = (
			);
			name = "homeClient WatchKit Extension";
			productName = "homeClient WatchKit Extension";
			productReference = 8C63E1D425167ADE001C5841 /* homeClient WatchKit Extension.appex */;
			productType = "com.apple.product-type.watchkit2-extension";
		};
/* End PBXNativeTarget section */

/* Begin PBXProject section */
		8C63E1B125167ADB001C5841 /* Project object */ = {
			isa = PBXProject;
			attributes = {
				LastSwiftUpdateCheck = 1200;
				LastUpgradeCheck = 1200;
				TargetAttributes = {
					8C63E1B825167ADB001C5841 = {
						CreatedOnToolsVersion = 12.0;
					};
					8C63E1C725167ADD001C5841 = {
						CreatedOnToolsVersion = 12.0;
					};
					8C63E1D325167ADE001C5841 = {
						CreatedOnToolsVersion = 12.0;
					};
				};
			};
			buildConfigurationList = 8C63E1B425167ADB001C5841 /* Build configuration list for PBXProject "homeClient" */;
			compatibilityVersion = "Xcode 9.3";
			developmentRegion = en;
			hasScannedForEncodings = 0;
			knownRegions = (
				en,
				Base,
			);
			mainGroup = 8C63E1B025167ADB001C5841;
			productRefGroup = 8C63E1BA25167ADB001C5841 /* Products */;
			projectDirPath = "";
			projectRoot = "";
			targets = (
				8C63E1B825167ADB001C5841 /* homeClient */,
				8C63E1C725167ADD001C5841 /* homeClient WatchKit App */,
				8C63E1D325167ADE001C5841 /* homeClient WatchKit Extension */,
			);
		};
/* End PBXProject section */

/* Begin PBXResourcesBuildPhase section */
		8C63E1B725167ADB001C5841 /* Resources */ = {
			isa = PBXResourcesBuildPhase;
			buildActionMask = 2147483647;
			files = (
				8C63E1C425167ADD001C5841 /* Preview Assets.xcassets in Resources */,
				8C63E1C125167ADD001C5841 /* Assets.xcassets in Resources */,
				8C63E23525167EC1001C5841 /* signInFirst.html in Resources */,
			);
			runOnlyForDeploymentPostprocessing = 0;
		};
		8C63E1C625167ADD001C5841 /* Resources */ = {
			isa = PBXResourcesBuildPhase;
			buildActionMask = 2147483647;
			files = (
				8C63E1CE25167ADE001C5841 /* Assets.xcassets in Resources */,
			);
			runOnlyForDeploymentPostprocessing = 0;
		};
		8C63E1D225167ADE001C5841 /* Resources */ = {
			isa = PBXResourcesBuildPhase;
			buildActionMask = 2147483647;
			files = (
				8C63E1E725167ADF001C5841 /* Preview Assets.xcassets in Resources */,
				8C63E1E425167ADF001C5841 /* Assets.xcassets in Resources */,
			);
			runOnlyForDeploymentPostprocessing = 0;
		};
/* End PBXResourcesBuildPhase section */

/* Begin PBXSourcesBuildPhase section */
		8C63E1B525167ADB001C5841 /* Sources */ = {
			isa = PBXSourcesBuildPhase;
			buildActionMask = 2147483647;
			files = (
				8C63E2422516A1E0001C5841 /* WebViewObserver.swift in Sources */,
				8C63E22325167E38001C5841 /* NetworkStructs.swift in Sources */,
				8C63E23A25169EFA001C5841 /* SettingsView.swift in Sources */,
				8C63E26A25176F1F001C5841 /* Content.swift in Sources */,
				8C63E1BF25167ADB001C5841 /* ContentView.swift in Sources */,
				8C63E22925167E52001C5841 /* Network.swift in Sources */,
				8C63E21725167DE8001C5841 /* Data.swift in Sources */,
				8C63E22F25167E69001C5841 /* SignIn.swift in Sources */,
				8C63E21D25167E16001C5841 /* UserData.swift in Sources */,
				8C63E1BD25167ADB001C5841 /* homeClientApp.swift in Sources */,
			);
			runOnlyForDeploymentPostprocessing = 0;
		};
		8C63E1D025167ADE001C5841 /* Sources */ = {
			isa = PBXSourcesBuildPhase;
			buildActionMask = 2147483647;
			files = (
				8C63E1DE25167ADE001C5841 /* NotificationController.swift in Sources */,
				8C63E22425167E38001C5841 /* NetworkStructs.swift in Sources */,
				8C63E21825167DE8001C5841 /* Data.swift in Sources */,
				8C63E263251754A3001C5841 /* Utils.swift in Sources */,
				8C63E21E25167E16001C5841 /* UserData.swift in Sources */,
				8C63E25825174ECA001C5841 /* CircularView.swift in Sources */,
				8C63E23025167E69001C5841 /* SignIn.swift in Sources */,
				8C63E1DC25167ADE001C5841 /* ContentView.swift in Sources */,
				8C63E22A25167E52001C5841 /* Network.swift in Sources */,
				8C63E27125176FCE001C5841 /* Content.swift in Sources */,
				8C63E1E225167ADE001C5841 /* ComplicationController.swift in Sources */,
				8C63E24F25174918001C5841 /* SettingsViewWatch.swift in Sources */,
				8C63E1DA25167ADE001C5841 /* homeClientApp.swift in Sources */,
				8C63E1E025167ADE001C5841 /* NotificationView.swift in Sources */,
			);
			runOnlyForDeploymentPostprocessing = 0;
		};
/* End PBXSourcesBuildPhase section */

/* Begin PBXTargetDependency section */
		8C63E1CB25167ADD001C5841 /* PBXTargetDependency */ = {
			isa = PBXTargetDependency;
			target = 8C63E1C725167ADD001C5841 /* homeClient WatchKit App */;
			targetProxy = 8C63E1CA25167ADD001C5841 /* PBXContainerItemProxy */;
		};
		8C63E1D725167ADE001C5841 /* PBXTargetDependency */ = {
			isa = PBXTargetDependency;
			target = 8C63E1D325167ADE001C5841 /* homeClient WatchKit Extension */;
			targetProxy = 8C63E1D625167ADE001C5841 /* PBXContainerItemProxy */;
		};
/* End PBXTargetDependency section */

/* Begin XCBuildConfiguration section */
		8C63E1EA25167ADF001C5841 /* Debug */ = {
			isa = XCBuildConfiguration;
			buildSettings = {
				ALWAYS_SEARCH_USER_PATHS = NO;
				CLANG_ANALYZER_NONNULL = YES;
				CLANG_ANALYZER_NUMBER_OBJECT_CONVERSION = YES_AGGRESSIVE;
				CLANG_CXX_LANGUAGE_STANDARD = "gnu++14";
				CLANG_CXX_LIBRARY = "libc++";
				CLANG_ENABLE_MODULES = YES;
				CLANG_ENABLE_OBJC_ARC = YES;
				CLANG_ENABLE_OBJC_WEAK = YES;
				CLANG_WARN_BLOCK_CAPTURE_AUTORELEASING = YES;
				CLANG_WARN_BOOL_CONVERSION = YES;
				CLANG_WARN_COMMA = YES;
				CLANG_WARN_CONSTANT_CONVERSION = YES;
				CLANG_WARN_DEPRECATED_OBJC_IMPLEMENTATIONS = YES;
				CLANG_WARN_DIRECT_OBJC_ISA_USAGE = YES_ERROR;
				CLANG_WARN_DOCUMENTATION_COMMENTS = YES;
				CLANG_WARN_EMPTY_BODY = YES;
				CLANG_WARN_ENUM_CONVERSION = YES;
				CLANG_WARN_INFINITE_RECURSION = YES;
				CLANG_WARN_INT_CONVERSION = YES;
				CLANG_WARN_NON_LITERAL_NULL_CONVERSION = YES;
				CLANG_WARN_OBJC_IMPLICIT_RETAIN_SELF = YES;
				CLANG_WARN_OBJC_LITERAL_CONVERSION = YES;
				CLANG_WARN_OBJC_ROOT_CLASS = YES_ERROR;
				CLANG_WARN_QUOTED_INCLUDE_IN_FRAMEWORK_HEADER = YES;
				CLANG_WARN_RANGE_LOOP_ANALYSIS = YES;
				CLANG_WARN_STRICT_PROTOTYPES = YES;
				CLANG_WARN_SUSPICIOUS_MOVE = YES;
				CLANG_WARN_UNGUARDED_AVAILABILITY = YES_AGGRESSIVE;
				CLANG_WARN_UNREACHABLE_CODE = YES;
				CLANG_WARN__DUPLICATE_METHOD_MATCH = YES;
				COPY_PHASE_STRIP = NO;
				DEBUG_INFORMATION_FORMAT = dwarf;
				ENABLE_STRICT_OBJC_MSGSEND = YES;
				ENABLE_TESTABILITY = YES;
				GCC_C_LANGUAGE_STANDARD = gnu11;
				GCC_DYNAMIC_NO_PIC = NO;
				GCC_NO_COMMON_BLOCKS = YES;
				GCC_OPTIMIZATION_LEVEL = 0;
				GCC_PREPROCESSOR_DEFINITIONS = (
					"DEBUG=1",
					"$(inherited)",
				);
				GCC_WARN_64_TO_32_BIT_CONVERSION = YES;
				GCC_WARN_ABOUT_RETURN_TYPE = YES_ERROR;
				GCC_WARN_UNDECLARED_SELECTOR = YES;
				GCC_WARN_UNINITIALIZED_AUTOS = YES_AGGRESSIVE;
				GCC_WARN_UNUSED_FUNCTION = YES;
				GCC_WARN_UNUSED_VARIABLE = YES;
				MTL_ENABLE_DEBUG_INFO = INCLUDE_SOURCE;
				MTL_FAST_MATH = YES;
				ONLY_ACTIVE_ARCH = YES;
				SWIFT_ACTIVE_COMPILATION_CONDITIONS = DEBUG;
				SWIFT_OPTIMIZATION_LEVEL = "-Onone";
			};
			name = Debug;
		};
		8C63E1EB25167ADF001C5841 /* Release */ = {
			isa = XCBuildConfiguration;
			buildSettings = {
				ALWAYS_SEARCH_USER_PATHS = NO;
				CLANG_ANALYZER_NONNULL = YES;
				CLANG_ANALYZER_NUMBER_OBJECT_CONVERSION = YES_AGGRESSIVE;
				CLANG_CXX_LANGUAGE_STANDARD = "gnu++14";
				CLANG_CXX_LIBRARY = "libc++";
				CLANG_ENABLE_MODULES = YES;
				CLANG_ENABLE_OBJC_ARC = YES;
				CLANG_ENABLE_OBJC_WEAK = YES;
				CLANG_WARN_BLOCK_CAPTURE_AUTORELEASING = YES;
				CLANG_WARN_BOOL_CONVERSION = YES;
				CLANG_WARN_COMMA = YES;
				CLANG_WARN_CONSTANT_CONVERSION = YES;
				CLANG_WARN_DEPRECATED_OBJC_IMPLEMENTATIONS = YES;
				CLANG_WARN_DIRECT_OBJC_ISA_USAGE = YES_ERROR;
				CLANG_WARN_DOCUMENTATION_COMMENTS = YES;
				CLANG_WARN_EMPTY_BODY = YES;
				CLANG_WARN_ENUM_CONVERSION = YES;
				CLANG_WARN_INFINITE_RECURSION = YES;
				CLANG_WARN_INT_CONVERSION = YES;
				CLANG_WARN_NON_LITERAL_NULL_CONVERSION = YES;
				CLANG_WARN_OBJC_IMPLICIT_RETAIN_SELF = YES;
				CLANG_WARN_OBJC_LITERAL_CONVERSION = YES;
				CLANG_WARN_OBJC_ROOT_CLASS = YES_ERROR;
				CLANG_WARN_QUOTED_INCLUDE_IN_FRAMEWORK_HEADER = YES;
				CLANG_WARN_RANGE_LOOP_ANALYSIS = YES;
				CLANG_WARN_STRICT_PROTOTYPES = YES;
				CLANG_WARN_SUSPICIOUS_MOVE = YES;
				CLANG_WARN_UNGUARDED_AVAILABILITY = YES_AGGRESSIVE;
				CLANG_WARN_UNREACHABLE_CODE = YES;
				CLANG_WARN__DUPLICATE_METHOD_MATCH = YES;
				COPY_PHASE_STRIP = NO;
				DEBUG_INFORMATION_FORMAT = "dwarf-with-dsym";
				ENABLE_NS_ASSERTIONS = NO;
				ENABLE_STRICT_OBJC_MSGSEND = YES;
				GCC_C_LANGUAGE_STANDARD = gnu11;
				GCC_NO_COMMON_BLOCKS = YES;
				GCC_WARN_64_TO_32_BIT_CONVERSION = YES;
				GCC_WARN_ABOUT_RETURN_TYPE = YES_ERROR;
				GCC_WARN_UNDECLARED_SELECTOR = YES;
				GCC_WARN_UNINITIALIZED_AUTOS = YES_AGGRESSIVE;
				GCC_WARN_UNUSED_FUNCTION = YES;
				GCC_WARN_UNUSED_VARIABLE = YES;
				MTL_ENABLE_DEBUG_INFO = NO;
				MTL_FAST_MATH = YES;
				SWIFT_COMPILATION_MODE = wholemodule;
				SWIFT_OPTIMIZATION_LEVEL = "-O";
			};
			name = Release;
		};
		8C63E1ED25167ADF001C5841 /* Debug */ = {
			isa = XCBuildConfiguration;
			buildSettings = {
				ASSETCATALOG_COMPILER_COMPLICATION_NAME = Complication;
				CODE_SIGN_STYLE = Automatic;
				DEVELOPMENT_ASSET_PATHS = "\"homeClient WatchKit Extension/Preview Content\"";
				DEVELOPMENT_TEAM = L88X8YULLQ;
				ENABLE_PREVIEWS = YES;
				INFOPLIST_FILE = "homeClient WatchKit Extension/Info.plist";
				LD_RUNPATH_SEARCH_PATHS = (
					"$(inherited)",
					"@executable_path/Frameworks",
					"@executable_path/../../Frameworks",
				);
				PRODUCT_BUNDLE_IDENTIFIER = de.fimatas.homeClient.watchkitapp.watchkitextension;
				PRODUCT_NAME = "${TARGET_NAME}";
				SDKROOT = watchos;
				SKIP_INSTALL = YES;
				SWIFT_VERSION = 5.0;
				TARGETED_DEVICE_FAMILY = 4;
				WATCHOS_DEPLOYMENT_TARGET = 7.0;
			};
			name = Debug;
		};
		8C63E1EE25167ADF001C5841 /* Release */ = {
			isa = XCBuildConfiguration;
			buildSettings = {
				ASSETCATALOG_COMPILER_COMPLICATION_NAME = Complication;
				CODE_SIGN_STYLE = Automatic;
				DEVELOPMENT_ASSET_PATHS = "\"homeClient WatchKit Extension/Preview Content\"";
				DEVELOPMENT_TEAM = L88X8YULLQ;
				ENABLE_PREVIEWS = YES;
				INFOPLIST_FILE = "homeClient WatchKit Extension/Info.plist";
				LD_RUNPATH_SEARCH_PATHS = (
					"$(inherited)",
					"@executable_path/Frameworks",
					"@executable_path/../../Frameworks",
				);
				PRODUCT_BUNDLE_IDENTIFIER = de.fimatas.homeClient.watchkitapp.watchkitextension;
				PRODUCT_NAME = "${TARGET_NAME}";
				SDKROOT = watchos;
				SKIP_INSTALL = YES;
				SWIFT_VERSION = 5.0;
				TARGETED_DEVICE_FAMILY = 4;
				VALIDATE_PRODUCT = YES;
				WATCHOS_DEPLOYMENT_TARGET = 7.0;
			};
			name = Release;
		};
		8C63E1F125167ADF001C5841 /* Debug */ = {
			isa = XCBuildConfiguration;
			buildSettings = {
				ALWAYS_EMBED_SWIFT_STANDARD_LIBRARIES = YES;
				ASSETCATALOG_COMPILER_APPICON_NAME = AppIcon;
				ASSETCATALOG_COMPILER_GLOBAL_ACCENT_COLOR_NAME = AccentColor;
				CODE_SIGN_STYLE = Automatic;
				DEVELOPMENT_TEAM = L88X8YULLQ;
				IBSC_MODULE = homeClient_WatchKit_Extension;
				INFOPLIST_FILE = "homeClient WatchKit App/Info.plist";
				PRODUCT_BUNDLE_IDENTIFIER = de.fimatas.homeClient.watchkitapp;
				PRODUCT_NAME = "$(TARGET_NAME)";
				SDKROOT = watchos;
				SKIP_INSTALL = YES;
				SWIFT_VERSION = 5.0;
				TARGETED_DEVICE_FAMILY = 4;
				WATCHOS_DEPLOYMENT_TARGET = 7.0;
			};
			name = Debug;
		};
		8C63E1F225167ADF001C5841 /* Release */ = {
			isa = XCBuildConfiguration;
			buildSettings = {
				ALWAYS_EMBED_SWIFT_STANDARD_LIBRARIES = YES;
				ASSETCATALOG_COMPILER_APPICON_NAME = AppIcon;
				ASSETCATALOG_COMPILER_GLOBAL_ACCENT_COLOR_NAME = AccentColor;
				CODE_SIGN_STYLE = Automatic;
				DEVELOPMENT_TEAM = L88X8YULLQ;
				IBSC_MODULE = homeClient_WatchKit_Extension;
				INFOPLIST_FILE = "homeClient WatchKit App/Info.plist";
				PRODUCT_BUNDLE_IDENTIFIER = de.fimatas.homeClient.watchkitapp;
				PRODUCT_NAME = "$(TARGET_NAME)";
				SDKROOT = watchos;
				SKIP_INSTALL = YES;
				SWIFT_VERSION = 5.0;
				TARGETED_DEVICE_FAMILY = 4;
				VALIDATE_PRODUCT = YES;
				WATCHOS_DEPLOYMENT_TARGET = 7.0;
			};
			name = Release;
		};
		8C63E1F525167ADF001C5841 /* Debug */ = {
			isa = XCBuildConfiguration;
			buildSettings = {
				ASSETCATALOG_COMPILER_APPICON_NAME = AppIcon;
				ASSETCATALOG_COMPILER_GLOBAL_ACCENT_COLOR_NAME = AccentColor;
				CODE_SIGN_STYLE = Automatic;
				DEVELOPMENT_ASSET_PATHS = "\"homeClient/Preview Content\"";
				DEVELOPMENT_TEAM = L88X8YULLQ;
				ENABLE_PREVIEWS = YES;
				INFOPLIST_FILE = homeClient/Info.plist;
				IPHONEOS_DEPLOYMENT_TARGET = 14.0;
				LD_RUNPATH_SEARCH_PATHS = (
					"$(inherited)",
					"@executable_path/Frameworks",
				);
				PRODUCT_BUNDLE_IDENTIFIER = de.fimatas.homeClient;
				PRODUCT_NAME = "$(TARGET_NAME)";
				SDKROOT = iphoneos;
				SWIFT_VERSION = 5.0;
				TARGETED_DEVICE_FAMILY = "1,2";
			};
			name = Debug;
		};
		8C63E1F625167ADF001C5841 /* Release */ = {
			isa = XCBuildConfiguration;
			buildSettings = {
				ASSETCATALOG_COMPILER_APPICON_NAME = AppIcon;
				ASSETCATALOG_COMPILER_GLOBAL_ACCENT_COLOR_NAME = AccentColor;
				CODE_SIGN_STYLE = Automatic;
				DEVELOPMENT_ASSET_PATHS = "\"homeClient/Preview Content\"";
				DEVELOPMENT_TEAM = L88X8YULLQ;
				ENABLE_PREVIEWS = YES;
				INFOPLIST_FILE = homeClient/Info.plist;
				IPHONEOS_DEPLOYMENT_TARGET = 14.0;
				LD_RUNPATH_SEARCH_PATHS = (
					"$(inherited)",
					"@executable_path/Frameworks",
				);
				PRODUCT_BUNDLE_IDENTIFIER = de.fimatas.homeClient;
				PRODUCT_NAME = "$(TARGET_NAME)";
				SDKROOT = iphoneos;
				SWIFT_VERSION = 5.0;
				TARGETED_DEVICE_FAMILY = "1,2";
				VALIDATE_PRODUCT = YES;
			};
			name = Release;
		};
/* End XCBuildConfiguration section */

/* Begin XCConfigurationList section */
		8C63E1B425167ADB001C5841 /* Build configuration list for PBXProject "homeClient" */ = {
			isa = XCConfigurationList;
			buildConfigurations = (
				8C63E1EA25167ADF001C5841 /* Debug */,
				8C63E1EB25167ADF001C5841 /* Release */,
			);
			defaultConfigurationIsVisible = 0;
			defaultConfigurationName = Release;
		};
		8C63E1EC25167ADF001C5841 /* Build configuration list for PBXNativeTarget "homeClient WatchKit Extension" */ = {
			isa = XCConfigurationList;
			buildConfigurations = (
				8C63E1ED25167ADF001C5841 /* Debug */,
				8C63E1EE25167ADF001C5841 /* Release */,
			);
			defaultConfigurationIsVisible = 0;
			defaultConfigurationName = Release;
		};
		8C63E1F025167ADF001C5841 /* Build configuration list for PBXNativeTarget "homeClient WatchKit App" */ = {
			isa = XCConfigurationList;
			buildConfigurations = (
				8C63E1F125167ADF001C5841 /* Debug */,
				8C63E1F225167ADF001C5841 /* Release */,
			);
			defaultConfigurationIsVisible = 0;
			defaultConfigurationName = Release;
		};
		8C63E1F425167ADF001C5841 /* Build configuration list for PBXNativeTarget "homeClient" */ = {
			isa = XCConfigurationList;
			buildConfigurations = (
				8C63E1F525167ADF001C5841 /* Debug */,
				8C63E1F625167ADF001C5841 /* Release */,
			);
			defaultConfigurationIsVisible = 0;
			defaultConfigurationName = Release;
		};
/* End XCConfigurationList section */
	};
	rootObject = 8C63E1B125167ADB001C5841 /* Project object */;
}
